
Microsoft Visual Studio Solution File, Format Version 12.00
# Visual Studio Version 17
VisualStudioVersion = 17.4.33213.308
MinimumVisualStudioVersion = 10.0.40219.1
Project("{FAE04EC0-301F-11D3-BF4B-00C04F79EFBC}") = "textreplacernitzua", "textreplacernitzua\textreplacernitzua.csproj", "{5D8B9B06-DD68-4000-A1C0-56B3CA404C6A}"
EndProject
Global
	GlobalSection(SolutionConfigurationPlatforms) = preSolution
		Debug|Any CPU = Debug|Any CPU
		Release|Any CPU = Release|Any CPU
	EndGlobalSection
	GlobalSection(ProjectConfigurationPlatforms) = postSolution
		{5D8B9B06-DD68-4000-A1C0-56B3CA404C6A}.Debug|Any CPU.ActiveCfg = Debug|Any CPU
		{5D8B9B06-DD68-4000-A1C0-56B3CA404C6A}.Debug|Any CPU.Build.0 = Debug|Any CPU
		{5D8B9B06-DD68-4000-A1C0-56B3CA404C6A}.Release|Any CPU.ActiveCfg = Release|Any CPU
		{5D8B9B06-DD68-4000-A1C0-56B3CA404C6A}.Release|Any CPU.Build.0 = Release|Any CPU
	EndGlobalSection
	GlobalSection(SolutionProperties) = preSolution
		HideSolutionNode = FALSE
	EndGlobalSection
	GlobalSection(ExtensibilityGlobals) = postSolution
		SolutionGuid = {6106F209-62CB-4517-A173-49427A65CF4C}
	EndGlobalSection
EndGlobal
